
Microsoft Visual Studio Solution File, Format Version 12.00
# Visual Studio Version 17
VisualStudioVersion = 17.8.34309.116
MinimumVisualStudioVersion = 10.0.40219.1
Project("{FAE04EC0-301F-11D3-BF4B-00C04F79EFBC}") = "Codility-MinAvgTwoSlice", "Codility-MinAvgTwoSlice\Codility-MinAvgTwoSlice.csproj", "{FF9DD74A-E2AD-4507-A842-A1318908F3DA}"
EndProject
Project("{FAE04EC0-301F-11D3-BF4B-00C04F79EFBC}") = "Codility-MinAvgTwoSliceTests", "Codility-MinAvgTwoSliceTests\Codility-MinAvgTwoSliceTests.csproj", "{2D2C2CF0-61F9-434B-912C-82157A03356B}"
EndProject
Global
	GlobalSection(SolutionConfigurationPlatforms) = preSolution
		Debug|Any CPU = Debug|Any CPU
		Release|Any CPU = Release|Any CPU
	EndGlobalSection
	GlobalSection(ProjectConfigurationPlatforms) = postSolution
		{FF9DD74A-E2AD-4507-A842-A1318908F3DA}.Debug|Any CPU.ActiveCfg = Debug|Any CPU
		{FF9DD74A-E2AD-4507-A842-A1318908F3DA}.Debug|Any CPU.Build.0 = Debug|Any CPU
		{FF9DD74A-E2AD-4507-A842-A1318908F3DA}.Release|Any CPU.ActiveCfg = Release|Any CPU
		{FF9DD74A-E2AD-4507-A842-A1318908F3DA}.Release|Any CPU.Build.0 = Release|Any CPU
		{2D2C2CF0-61F9-434B-912C-82157A03356B}.Debug|Any CPU.ActiveCfg = Debug|Any CPU
		{2D2C2CF0-61F9-434B-912C-82157A03356B}.Debug|Any CPU.Build.0 = Debug|Any CPU
		{2D2C2CF0-61F9-434B-912C-82157A03356B}.Release|Any CPU.ActiveCfg = Release|Any CPU
		{2D2C2CF0-61F9-434B-912C-82157A03356B}.Release|Any CPU.Build.0 = Release|Any CPU
	EndGlobalSection
	GlobalSection(SolutionProperties) = preSolution
		HideSolutionNode = FALSE
	EndGlobalSection
	GlobalSection(ExtensibilityGlobals) = postSolution
		SolutionGuid = {B3A241DF-8FCE-4BDD-B4BD-0BE2C17944B8}
	EndGlobalSection
EndGlobal
